
Microsoft Visual Studio Solution File, Format Version 12.00
# Visual Studio Version 17
VisualStudioVersion = 17.0.31903.59
MinimumVisualStudioVersion = 10.0.40219.1
Project("{2150E333-8FDC-42A3-9474-1A3956D46DE8}") = "src", "src", "{4C26868E-5E7C-4D0A-8E5C-5E5E5E5E5E5E}"
EndProject
Project("{2150E333-8FDC-42A3-9474-1A3956D46DE8}") = "tests", "tests", "{5D37979F-6F8D-42B4-9F6D-6F6F6F6F6F6F}"
EndProject
Project("{2150E333-8FDC-42A3-9474-1A3956D46DE8}") = "samples", "samples", "{6E48A8AF-7F9E-42C5-AF7F-7F7F7F7F7F7F}"
EndProject
Project("{FAE04EC0-301F-11D3-BF4B-00C04F79EFBC}") = "Microsoft.OData.Mcp.Core", "src\Microsoft.OData.Mcp.Core\Microsoft.OData.Mcp.Core.csproj", "{F4C5A1B2-8D9E-4F5C-A1B2-8D8D8D8D8D8D}"
EndProject
Project("{FAE04EC0-301F-11D3-BF4B-00C04F79EFBC}") = "Microsoft.OData.Mcp.Authentication", "src\Microsoft.OData.Mcp.Authentication\Microsoft.OData.Mcp.Authentication.csproj", "{E3D4B0C1-7C8D-4E3D-B0C1-7C7C7C7C7C7C}"
EndProject
Project("{FAE04EC0-301F-11D3-BF4B-00C04F79EFBC}") = "Microsoft.OData.Mcp.AspNetCore", "src\Microsoft.OData.Mcp.AspNetCore\Microsoft.OData.Mcp.AspNetCore.csproj", "{D2C3AF90-6B7C-4D2C-AF90-6B6B6B6B6B6B}"
EndProject
Project("{FAE04EC0-301F-11D3-BF4B-00C04F79EFBC}") = "Microsoft.OData.Mcp.Tools", "src\Microsoft.OData.Mcp.Tools\Microsoft.OData.Mcp.Tools.csproj", "{C1B2AE8F-5A6B-4C1B-AE8F-5A5A5A5A5A5A}"
EndProject
Project("{FAE04EC0-301F-11D3-BF4B-00C04F79EFBC}") = "Microsoft.OData.Mcp.Sample", "samples\Microsoft.OData.Mcp.Sample\Microsoft.OData.Mcp.Sample.csproj", "{A09C6D7D-385B-4A09-6D7D-383838383838}"
EndProject
Project("{FAE04EC0-301F-11D3-BF4B-00C04F79EFBC}") = "Microsoft.OData.Mcp.Tests.Authentication", "tests\Microsoft.OData.Mcp.Tests.Authentication\Microsoft.OData.Mcp.Tests.Authentication.csproj", "{2B3C4D5E-6F7A-48B9-0C1D-2E3F4A5B6C7D}"
EndProject
Project("{FAE04EC0-301F-11D3-BF4B-00C04F79EFBC}") = "Microsoft.OData.Mcp.Tests.Tools", "tests\Microsoft.OData.Mcp.Tests.Tools\Microsoft.OData.Mcp.Tests.Tools.csproj", "{4D5E6F7A-8B9C-4ADB-2E3F-4A5B6C7D8E9F}"
EndProject
Project("{FAE04EC0-301F-11D3-BF4B-00C04F79EFBC}") = "Microsoft.OData.Mcp.Tests.Shared", "tests\Microsoft.OData.Mcp.Tests.Shared\Microsoft.OData.Mcp.Tests.Shared.csproj", "{26F81AD8-B907-4E55-9384-5B75DF1D229A}"
EndProject
Project("{2150E333-8FDC-42A3-9474-1A3956D46DE8}") = "Solution Items", "Solution Items", "{089100B1-113F-4E66-888A-E83F3999EAFD}"
	ProjectSection(SolutionItems) = preProject
		Architecture_Plan.md = Architecture_Plan.md
		CLAUDE.md = CLAUDE.md
		Directory.Build.props = Directory.Build.props
		global.json = global.json
		IMPLEMENTATION_PLAN.md = IMPLEMENTATION_PLAN.md
		README.md = README.md
		TEST_FIX_PLAN.md = TEST_FIX_PLAN.md
	EndProjectSection
EndProject
Project("{FAE04EC0-301F-11D3-BF4B-00C04F79EFBC}") = "Microsoft.OData.Mcp.Tests.Core", "tests\Microsoft.OData.Mcp.Tests.Core\Microsoft.OData.Mcp.Tests.Core.csproj", "{310A83AE-4268-9993-F39B-EC296A559F8F}"
EndProject
Project("{FAE04EC0-301F-11D3-BF4B-00C04F79EFBC}") = "Microsoft.OData.Mcp.Tests.AspNetCore", "tests\Microsoft.OData.Mcp.Tests.AspNetCore\Microsoft.OData.Mcp.Tests.AspNetCore.csproj", "{885F261E-1611-C4A8-832D-6FDE7F4D5C75}"
EndProject
Global
	GlobalSection(SolutionConfigurationPlatforms) = preSolution
		Debug|Any CPU = Debug|Any CPU
		Debug|x64 = Debug|x64
		Debug|x86 = Debug|x86
		Release|Any CPU = Release|Any CPU
		Release|x64 = Release|x64
		Release|x86 = Release|x86
	EndGlobalSection
	GlobalSection(ProjectConfigurationPlatforms) = postSolution
		{F4C5A1B2-8D9E-4F5C-A1B2-8D8D8D8D8D8D}.Debug|Any CPU.ActiveCfg = Debug|Any CPU
		{F4C5A1B2-8D9E-4F5C-A1B2-8D8D8D8D8D8D}.Debug|Any CPU.Build.0 = Debug|Any CPU
		{F4C5A1B2-8D9E-4F5C-A1B2-8D8D8D8D8D8D}.Debug|x64.ActiveCfg = Debug|Any CPU
		{F4C5A1B2-8D9E-4F5C-A1B2-8D8D8D8D8D8D}.Debug|x64.Build.0 = Debug|Any CPU
		{F4C5A1B2-8D9E-4F5C-A1B2-8D8D8D8D8D8D}.Debug|x86.ActiveCfg = Debug|Any CPU
		{F4C5A1B2-8D9E-4F5C-A1B2-8D8D8D8D8D8D}.Debug|x86.Build.0 = Debug|Any CPU
		{F4C5A1B2-8D9E-4F5C-A1B2-8D8D8D8D8D8D}.Release|Any CPU.ActiveCfg = Release|Any CPU
		{F4C5A1B2-8D9E-4F5C-A1B2-8D8D8D8D8D8D}.Release|Any CPU.Build.0 = Release|Any CPU
		{F4C5A1B2-8D9E-4F5C-A1B2-8D8D8D8D8D8D}.Release|x64.ActiveCfg = Release|Any CPU
		{F4C5A1B2-8D9E-4F5C-A1B2-8D8D8D8D8D8D}.Release|x64.Build.0 = Release|Any CPU
		{F4C5A1B2-8D9E-4F5C-A1B2-8D8D8D8D8D8D}.Release|x86.ActiveCfg = Release|Any CPU
		{F4C5A1B2-8D9E-4F5C-A1B2-8D8D8D8D8D8D}.Release|x86.Build.0 = Release|Any CPU
		{E3D4B0C1-7C8D-4E3D-B0C1-7C7C7C7C7C7C}.Debug|Any CPU.ActiveCfg = Debug|Any CPU
		{E3D4B0C1-7C8D-4E3D-B0C1-7C7C7C7C7C7C}.Debug|Any CPU.Build.0 = Debug|Any CPU
		{E3D4B0C1-7C8D-4E3D-B0C1-7C7C7C7C7C7C}.Debug|x64.ActiveCfg = Debug|Any CPU
		{E3D4B0C1-7C8D-4E3D-B0C1-7C7C7C7C7C7C}.Debug|x64.Build.0 = Debug|Any CPU
		{E3D4B0C1-7C8D-4E3D-B0C1-7C7C7C7C7C7C}.Debug|x86.ActiveCfg = Debug|Any CPU
		{E3D4B0C1-7C8D-4E3D-B0C1-7C7C7C7C7C7C}.Debug|x86.Build.0 = Debug|Any CPU
		{E3D4B0C1-7C8D-4E3D-B0C1-7C7C7C7C7C7C}.Release|Any CPU.ActiveCfg = Release|Any CPU
		{E3D4B0C1-7C8D-4E3D-B0C1-7C7C7C7C7C7C}.Release|Any CPU.Build.0 = Release|Any CPU
		{E3D4B0C1-7C8D-4E3D-B0C1-7C7C7C7C7C7C}.Release|x64.ActiveCfg = Release|Any CPU
		{E3D4B0C1-7C8D-4E3D-B0C1-7C7C7C7C7C7C}.Release|x64.Build.0 = Release|Any CPU
		{E3D4B0C1-7C8D-4E3D-B0C1-7C7C7C7C7C7C}.Release|x86.ActiveCfg = Release|Any CPU
		{E3D4B0C1-7C8D-4E3D-B0C1-7C7C7C7C7C7C}.Release|x86.Build.0 = Release|Any CPU
		{D2C3AF90-6B7C-4D2C-AF90-6B6B6B6B6B6B}.Debug|Any CPU.ActiveCfg = Debug|Any CPU
		{D2C3AF90-6B7C-4D2C-AF90-6B6B6B6B6B6B}.Debug|Any CPU.Build.0 = Debug|Any CPU
		{D2C3AF90-6B7C-4D2C-AF90-6B6B6B6B6B6B}.Debug|x64.ActiveCfg = Debug|Any CPU
		{D2C3AF90-6B7C-4D2C-AF90-6B6B6B6B6B6B}.Debug|x64.Build.0 = Debug|Any CPU
		{D2C3AF90-6B7C-4D2C-AF90-6B6B6B6B6B6B}.Debug|x86.ActiveCfg = Debug|Any CPU
		{D2C3AF90-6B7C-4D2C-AF90-6B6B6B6B6B6B}.Debug|x86.Build.0 = Debug|Any CPU
		{D2C3AF90-6B7C-4D2C-AF90-6B6B6B6B6B6B}.Release|Any CPU.ActiveCfg = Release|Any CPU
		{D2C3AF90-6B7C-4D2C-AF90-6B6B6B6B6B6B}.Release|Any CPU.Build.0 = Release|Any CPU
		{D2C3AF90-6B7C-4D2C-AF90-6B6B6B6B6B6B}.Release|x64.ActiveCfg = Release|Any CPU
		{D2C3AF90-6B7C-4D2C-AF90-6B6B6B6B6B6B}.Release|x64.Build.0 = Release|Any CPU
		{D2C3AF90-6B7C-4D2C-AF90-6B6B6B6B6B6B}.Release|x86.ActiveCfg = Release|Any CPU
		{D2C3AF90-6B7C-4D2C-AF90-6B6B6B6B6B6B}.Release|x86.Build.0 = Release|Any CPU
		{C1B2AE8F-5A6B-4C1B-AE8F-5A5A5A5A5A5A}.Debug|Any CPU.ActiveCfg = Debug|Any CPU
		{C1B2AE8F-5A6B-4C1B-AE8F-5A5A5A5A5A5A}.Debug|Any CPU.Build.0 = Debug|Any CPU
		{C1B2AE8F-5A6B-4C1B-AE8F-5A5A5A5A5A5A}.Debug|x64.ActiveCfg = Debug|Any CPU
		{C1B2AE8F-5A6B-4C1B-AE8F-5A5A5A5A5A5A}.Debug|x64.Build.0 = Debug|Any CPU
		{C1B2AE8F-5A6B-4C1B-AE8F-5A5A5A5A5A5A}.Debug|x86.ActiveCfg = Debug|Any CPU
		{C1B2AE8F-5A6B-4C1B-AE8F-5A5A5A5A5A5A}.Debug|x86.Build.0 = Debug|Any CPU
		{C1B2AE8F-5A6B-4C1B-AE8F-5A5A5A5A5A5A}.Release|Any CPU.ActiveCfg = Release|Any CPU
		{C1B2AE8F-5A6B-4C1B-AE8F-5A5A5A5A5A5A}.Release|Any CPU.Build.0 = Release|Any CPU
		{C1B2AE8F-5A6B-4C1B-AE8F-5A5A5A5A5A5A}.Release|x64.ActiveCfg = Release|Any CPU
		{C1B2AE8F-5A6B-4C1B-AE8F-5A5A5A5A5A5A}.Release|x64.Build.0 = Release|Any CPU
		{C1B2AE8F-5A6B-4C1B-AE8F-5A5A5A5A5A5A}.Release|x86.ActiveCfg = Release|Any CPU
		{C1B2AE8F-5A6B-4C1B-AE8F-5A5A5A5A5A5A}.Release|x86.Build.0 = Release|Any CPU
		{A09C6D7D-385B-4A09-6D7D-383838383838}.Debug|Any CPU.ActiveCfg = Debug|Any CPU
		{A09C6D7D-385B-4A09-6D7D-383838383838}.Debug|Any CPU.Build.0 = Debug|Any CPU
		{A09C6D7D-385B-4A09-6D7D-383838383838}.Debug|x64.ActiveCfg = Debug|Any CPU
		{A09C6D7D-385B-4A09-6D7D-383838383838}.Debug|x64.Build.0 = Debug|Any CPU
		{A09C6D7D-385B-4A09-6D7D-383838383838}.Debug|x86.ActiveCfg = Debug|Any CPU
		{A09C6D7D-385B-4A09-6D7D-383838383838}.Debug|x86.Build.0 = Debug|Any CPU
		{A09C6D7D-385B-4A09-6D7D-383838383838}.Release|Any CPU.ActiveCfg = Release|Any CPU
		{A09C6D7D-385B-4A09-6D7D-383838383838}.Release|Any CPU.Build.0 = Release|Any CPU
		{A09C6D7D-385B-4A09-6D7D-383838383838}.Release|x64.ActiveCfg = Release|Any CPU
		{A09C6D7D-385B-4A09-6D7D-383838383838}.Release|x64.Build.0 = Release|Any CPU
		{A09C6D7D-385B-4A09-6D7D-383838383838}.Release|x86.ActiveCfg = Release|Any CPU
		{A09C6D7D-385B-4A09-6D7D-383838383838}.Release|x86.Build.0 = Release|Any CPU
		{2B3C4D5E-6F7A-48B9-0C1D-2E3F4A5B6C7D}.Debug|Any CPU.ActiveCfg = Debug|Any CPU
		{2B3C4D5E-6F7A-48B9-0C1D-2E3F4A5B6C7D}.Debug|Any CPU.Build.0 = Debug|Any CPU
		{2B3C4D5E-6F7A-48B9-0C1D-2E3F4A5B6C7D}.Debug|x64.ActiveCfg = Debug|Any CPU
		{2B3C4D5E-6F7A-48B9-0C1D-2E3F4A5B6C7D}.Debug|x64.Build.0 = Debug|Any CPU
		{2B3C4D5E-6F7A-48B9-0C1D-2E3F4A5B6C7D}.Debug|x86.ActiveCfg = Debug|Any CPU
		{2B3C4D5E-6F7A-48B9-0C1D-2E3F4A5B6C7D}.Debug|x86.Build.0 = Debug|Any CPU
		{2B3C4D5E-6F7A-48B9-0C1D-2E3F4A5B6C7D}.Release|Any CPU.ActiveCfg = Release|Any CPU
		{2B3C4D5E-6F7A-48B9-0C1D-2E3F4A5B6C7D}.Release|Any CPU.Build.0 = Release|Any CPU
		{2B3C4D5E-6F7A-48B9-0C1D-2E3F4A5B6C7D}.Release|x64.ActiveCfg = Release|Any CPU
		{2B3C4D5E-6F7A-48B9-0C1D-2E3F4A5B6C7D}.Release|x64.Build.0 = Release|Any CPU
		{2B3C4D5E-6F7A-48B9-0C1D-2E3F4A5B6C7D}.Release|x86.ActiveCfg = Release|Any CPU
		{2B3C4D5E-6F7A-48B9-0C1D-2E3F4A5B6C7D}.Release|x86.Build.0 = Release|Any CPU
		{4D5E6F7A-8B9C-4ADB-2E3F-4A5B6C7D8E9F}.Debug|Any CPU.ActiveCfg = Debug|Any CPU
		{4D5E6F7A-8B9C-4ADB-2E3F-4A5B6C7D8E9F}.Debug|Any CPU.Build.0 = Debug|Any CPU
		{4D5E6F7A-8B9C-4ADB-2E3F-4A5B6C7D8E9F}.Debug|x64.ActiveCfg = Debug|Any CPU
		{4D5E6F7A-8B9C-4ADB-2E3F-4A5B6C7D8E9F}.Debug|x64.Build.0 = Debug|Any CPU
		{4D5E6F7A-8B9C-4ADB-2E3F-4A5B6C7D8E9F}.Debug|x86.ActiveCfg = Debug|Any CPU
		{4D5E6F7A-8B9C-4ADB-2E3F-4A5B6C7D8E9F}.Debug|x86.Build.0 = Debug|Any CPU
		{4D5E6F7A-8B9C-4ADB-2E3F-4A5B6C7D8E9F}.Release|Any CPU.ActiveCfg = Release|Any CPU
		{4D5E6F7A-8B9C-4ADB-2E3F-4A5B6C7D8E9F}.Release|Any CPU.Build.0 = Release|Any CPU
		{4D5E6F7A-8B9C-4ADB-2E3F-4A5B6C7D8E9F}.Release|x64.ActiveCfg = Release|Any CPU
		{4D5E6F7A-8B9C-4ADB-2E3F-4A5B6C7D8E9F}.Release|x64.Build.0 = Release|Any CPU
		{4D5E6F7A-8B9C-4ADB-2E3F-4A5B6C7D8E9F}.Release|x86.ActiveCfg = Release|Any CPU
		{4D5E6F7A-8B9C-4ADB-2E3F-4A5B6C7D8E9F}.Release|x86.Build.0 = Release|Any CPU
		{26F81AD8-B907-4E55-9384-5B75DF1D229A}.Debug|Any CPU.ActiveCfg = Debug|Any CPU
		{26F81AD8-B907-4E55-9384-5B75DF1D229A}.Debug|Any CPU.Build.0 = Debug|Any CPU
		{26F81AD8-B907-4E55-9384-5B75DF1D229A}.Debug|x64.ActiveCfg = Debug|Any CPU
		{26F81AD8-B907-4E55-9384-5B75DF1D229A}.Debug|x64.Build.0 = Debug|Any CPU
		{26F81AD8-B907-4E55-9384-5B75DF1D229A}.Debug|x86.ActiveCfg = Debug|Any CPU
		{26F81AD8-B907-4E55-9384-5B75DF1D229A}.Debug|x86.Build.0 = Debug|Any CPU
		{26F81AD8-B907-4E55-9384-5B75DF1D229A}.Release|Any CPU.ActiveCfg = Release|Any CPU
		{26F81AD8-B907-4E55-9384-5B75DF1D229A}.Release|Any CPU.Build.0 = Release|Any CPU
		{26F81AD8-B907-4E55-9384-5B75DF1D229A}.Release|x64.ActiveCfg = Release|Any CPU
		{26F81AD8-B907-4E55-9384-5B75DF1D229A}.Release|x64.Build.0 = Release|Any CPU
		{26F81AD8-B907-4E55-9384-5B75DF1D229A}.Release|x86.ActiveCfg = Release|Any CPU
		{26F81AD8-B907-4E55-9384-5B75DF1D229A}.Release|x86.Build.0 = Release|Any CPU
		{310A83AE-4268-9993-F39B-EC296A559F8F}.Debug|Any CPU.ActiveCfg = Debug|Any CPU
		{310A83AE-4268-9993-F39B-EC296A559F8F}.Debug|Any CPU.Build.0 = Debug|Any CPU
		{310A83AE-4268-9993-F39B-EC296A559F8F}.Debug|x64.ActiveCfg = Debug|Any CPU
		{310A83AE-4268-9993-F39B-EC296A559F8F}.Debug|x64.Build.0 = Debug|Any CPU
		{310A83AE-4268-9993-F39B-EC296A559F8F}.Debug|x86.ActiveCfg = Debug|Any CPU
		{310A83AE-4268-9993-F39B-EC296A559F8F}.Debug|x86.Build.0 = Debug|Any CPU
		{310A83AE-4268-9993-F39B-EC296A559F8F}.Release|Any CPU.ActiveCfg = Release|Any CPU
		{310A83AE-4268-9993-F39B-EC296A559F8F}.Release|Any CPU.Build.0 = Release|Any CPU
		{310A83AE-4268-9993-F39B-EC296A559F8F}.Release|x64.ActiveCfg = Release|Any CPU
		{310A83AE-4268-9993-F39B-EC296A559F8F}.Release|x64.Build.0 = Release|Any CPU
		{310A83AE-4268-9993-F39B-EC296A559F8F}.Release|x86.ActiveCfg = Release|Any CPU
		{310A83AE-4268-9993-F39B-EC296A559F8F}.Release|x86.Build.0 = Release|Any CPU
		{885F261E-1611-C4A8-832D-6FDE7F4D5C75}.Debug|Any CPU.ActiveCfg = Debug|Any CPU
		{885F261E-1611-C4A8-832D-6FDE7F4D5C75}.Debug|Any CPU.Build.0 = Debug|Any CPU
		{885F261E-1611-C4A8-832D-6FDE7F4D5C75}.Debug|x64.ActiveCfg = Debug|Any CPU
		{885F261E-1611-C4A8-832D-6FDE7F4D5C75}.Debug|x64.Build.0 = Debug|Any CPU
		{885F261E-1611-C4A8-832D-6FDE7F4D5C75}.Debug|x86.ActiveCfg = Debug|Any CPU
		{885F261E-1611-C4A8-832D-6FDE7F4D5C75}.Debug|x86.Build.0 = Debug|Any CPU
		{885F261E-1611-C4A8-832D-6FDE7F4D5C75}.Release|Any CPU.ActiveCfg = Release|Any CPU
		{885F261E-1611-C4A8-832D-6FDE7F4D5C75}.Release|Any CPU.Build.0 = Release|Any CPU
		{885F261E-1611-C4A8-832D-6FDE7F4D5C75}.Release|x64.ActiveCfg = Release|Any CPU
		{885F261E-1611-C4A8-832D-6FDE7F4D5C75}.Release|x64.Build.0 = Release|Any CPU
		{885F261E-1611-C4A8-832D-6FDE7F4D5C75}.Release|x86.ActiveCfg = Release|Any CPU
		{885F261E-1611-C4A8-832D-6FDE7F4D5C75}.Release|x86.Build.0 = Release|Any CPU
	EndGlobalSection
	GlobalSection(SolutionProperties) = preSolution
		HideSolutionNode = FALSE
	EndGlobalSection
	GlobalSection(NestedProjects) = preSolution
		{F4C5A1B2-8D9E-4F5C-A1B2-8D8D8D8D8D8D} = {4C26868E-5E7C-4D0A-8E5C-5E5E5E5E5E5E}
		{E3D4B0C1-7C8D-4E3D-B0C1-7C7C7C7C7C7C} = {4C26868E-5E7C-4D0A-8E5C-5E5E5E5E5E5E}
		{D2C3AF90-6B7C-4D2C-AF90-6B6B6B6B6B6B} = {4C26868E-5E7C-4D0A-8E5C-5E5E5E5E5E5E}
		{C1B2AE8F-5A6B-4C1B-AE8F-5A5A5A5A5A5A} = {4C26868E-5E7C-4D0A-8E5C-5E5E5E5E5E5E}
		{A09C6D7D-385B-4A09-6D7D-383838383838} = {6E48A8AF-7F9E-42C5-AF7F-7F7F7F7F7F7F}
		{2B3C4D5E-6F7A-48B9-0C1D-2E3F4A5B6C7D} = {5D37979F-6F8D-42B4-9F6D-6F6F6F6F6F6F}
		{4D5E6F7A-8B9C-4ADB-2E3F-4A5B6C7D8E9F} = {5D37979F-6F8D-42B4-9F6D-6F6F6F6F6F6F}
		{26F81AD8-B907-4E55-9384-5B75DF1D229A} = {5D37979F-6F8D-42B4-9F6D-6F6F6F6F6F6F}
		{310A83AE-4268-9993-F39B-EC296A559F8F} = {5D37979F-6F8D-42B4-9F6D-6F6F6F6F6F6F}
		{885F261E-1611-C4A8-832D-6FDE7F4D5C75} = {5D37979F-6F8D-42B4-9F6D-6F6F6F6F6F6F}
	EndGlobalSection
	GlobalSection(ExtensibilityGlobals) = postSolution
		SolutionGuid = {9F8E7D6C-5B4A-39F8-7D6C-5B5B5B5B5B5B}
	EndGlobalSection
EndGlobal
